<?xml version="1.0" encoding="UTF-8"?>
<CONFIG>
  <ProjectOptions>
    <Version Value="12"/>
    <PathDelim Value="\"/>
    <General>
      <Flags>
        <CompatibilityMode Value="True"/>
      </Flags>
      <UseXPManifest Value="True"/>
      <Icon Value="0"/>
    </General>
    <BuildModes Count="2">
      <Item1 Name="default" Default="True"/>
      <Item2 Name="macOS">
        <MacroValues Count="1">
          <Macro1 Name="LCLWidgetType" Value="cocoa"/>
        </MacroValues>
        <CompilerOptions>
          <Version Value="11"/>
          <SearchPaths>
            <IncludeFiles Value="$(ProjOutDir)"/>
          </SearchPaths>
          <Parsing>
            <SyntaxOptions>
              <UseAnsiStrings Value="False"/>
            </SyntaxOptions>
          </Parsing>
          <CodeGeneration>
            <SmartLinkUnit Value="True"/>
          </CodeGeneration>
          <Linking>
            <Debugging>
              <GenerateDebugInfo Value="False"/>
              <UseLineInfoUnit Value="False"/>
              <StripSymbols Value="True"/>
            </Debugging>
            <LinkSmart Value="True"/>
            <Options>
              <Win32>
                <GraphicApplication Value="True"/>
              </Win32>
            </Options>
          </Linking>
        </CompilerOptions>
      </Item2>
      <SharedMatrixOptions Count="1">
        <Item1 ID="089483020316" Modes="macOS" Type="IDEMacro" MacroName="LCLWidgetType" Value="cocoa"/>
      </SharedMatrixOptions>
    </BuildModes>
    <PublishOptions>
      <Version Value="2"/>
    </PublishOptions>
    <RunParams>
      <local>
        <LaunchingApplication PathPlusParams="\usr\X11R6\bin\xterm -T &apos;Lazarus Run Output&apos; -e $(LazarusDir)\tools\runwait.sh $(TargetCmdLine)"/>
      </local>
      <FormatVersion Value="2"/>
      <Modes Count="1">
        <Mode0 Name="default">
          <local>
            <LaunchingApplication PathPlusParams="\usr\X11R6\bin\xterm -T &apos;Lazarus Run Output&apos; -e $(LazarusDir)\tools\runwait.sh $(TargetCmdLine)"/>
          </local>
        </Mode0>
      </Modes>
    </RunParams>
    <RequiredPackages Count="1">
      <Item1>
        <PackageName Value="LCL"/>
      </Item1>
    </RequiredPackages>
    <Units Count="11">
      <Unit0>
        <Filename Value="cancel.lpr"/>
        <IsPartOfProject Value="True"/>
        <EditorIndex Value="3"/>
        <CursorPos X="40" Y="11"/>
        <UsageCount Value="135"/>
        <Loaded Value="True"/>
        <LoadedDesigner Value="True"/>
      </Unit0>
      <Unit1>
        <Filename Value="main.pas"/>
        <IsPartOfProject Value="True"/>
        <ComponentName Value="Form1"/>
        <HasResources Value="True"/>
        <ResourceBaseClass Value="Form"/>
        <IsVisibleTab Value="True"/>
        <EditorIndex Value="1"/>
        <TopLine Value="464"/>
        <CursorPos X="26" Y="480"/>
        <UsageCount Value="135"/>
        <Loaded Value="True"/>
        <LoadedDesigner Value="True"/>
      </Unit1>
      <Unit2>
        <Filename Value="ColorButtonX.pas"/>
        <TopLine Value="82"/>
        <CursorPos Y="109"/>
        <UsageCount Value="11"/>
      </Unit2>
      <Unit3>
        <Filename Value="ColorButtonZ.pas"/>
        <TopLine Value="147"/>
        <CursorPos X="21" Y="162"/>
        <UsageCount Value="14"/>
      </Unit3>
      <Unit4>
        <Filename Value="prefs.pas"/>
        <EditorIndex Value="2"/>
        <CursorPos X="7" Y="9"/>
        <UsageCount Value="56"/>
        <Loaded Value="True"/>
      </Unit4>
      <Unit5>
        <Filename Value="utils.pas"/>
        <TopLine Value="832"/>
        <CursorPos X="116" Y="842"/>
        <UsageCount Value="56"/>
        <Loaded Value="True"/>
      </Unit5>
      <Unit6>
        <Filename Value="..\..\..\Library\Containers\com.apple.mail\Data\Library\Mail Downloads\USTAT.PAS"/>
        <UnitName Value="uStat"/>
        <EditorIndex Value="-1"/>
        <CursorPos Y="6"/>
        <UsageCount Value="9"/>
      </Unit6>
      <Unit7>
        <Filename Value="..\..\..\lazarus\components\lazutils\lazfileutils.pas"/>
        <UnitName Value="LazFileUtils"/>
        <EditorIndex Value="-1"/>
        <TopLine Value="20"/>
        <CursorPos X="58" Y="39"/>
        <UsageCount Value="18"/>
      </Unit7>
      <Unit8>
        <Filename Value="..\..\..\lazarus\components\lazutils\fileutil.pas"/>
        <UnitName Value="FileUtil"/>
        <EditorIndex Value="-1"/>
        <TopLine Value="201"/>
        <CursorPos X="42" Y="231"/>
        <UsageCount Value="18"/>
      </Unit8>
      <Unit9>
        <Filename Value="..\..\..\..\..\usr\local\share\fpcsrc\rtl\objpas\classes\classesh.inc"/>
        <EditorIndex Value="-1"/>
        <TopLine Value="87"/>
        <CursorPos X="36" Y="102"/>
        <UsageCount Value="14"/>
      </Unit9>
      <Unit10>
        <Filename Value="..\..\..\Desktop\Cancel\scene_copy3.ini"/>
        <EditorIndex Value="-1"/>
        <UsageCount Value="10"/>
        <DefaultSyntaxHighlighter Value="Ini"/>
      </Unit10>
    </Units>
    <JumpHistory Count="30" HistoryIndex="29">
      <Position1>
        <Filename Value="utils.pas"/>
        <Caret Line="704" Column="10" TopLine="689"/>
      </Position1>
      <Position2>
        <Filename Value="utils.pas"/>
        <Caret Line="728" Column="34" TopLine="692"/>
      </Position2>
      <Position3>
        <Filename Value="utils.pas"/>
        <Caret Line="710" Column="28" TopLine="697"/>
      </Position3>
      <Position4>
        <Filename Value="utils.pas"/>
        <Caret Line="190" Column="33" TopLine="168"/>
      </Position4>
      <Position5>
        <Filename Value="utils.pas"/>
        <Caret Line="475" Column="21" TopLine="432"/>
      </Position5>
      <Position6>
        <Filename Value="utils.pas"/>
        <Caret Line="677" Column="51" TopLine="641"/>
      </Position6>
      <Position7>
        <Filename Value="utils.pas"/>
        <Caret Line="696" Column="17" TopLine="653"/>
      </Position7>
      <Position8>
        <Filename Value="utils.pas"/>
        <Caret Line="656" Column="11" TopLine="645"/>
      </Position8>
      <Position9>
        <Filename Value="utils.pas"/>
        <Caret Line="790" Column="11" TopLine="787"/>
      </Position9>
      <Position10>
        <Filename Value="utils.pas"/>
        <Caret Line="666" Column="18" TopLine="634"/>
      </Position10>
      <Position11>
        <Filename Value="utils.pas"/>
        <Caret Line="852" Column="41" TopLine="811"/>
      </Position11>
      <Position12>
        <Filename Value="utils.pas"/>
        <Caret Line="793" Column="12" TopLine="773"/>
      </Position12>
      <Position13>
        <Filename Value="utils.pas"/>
        <Caret Line="794" Column="12" TopLine="773"/>
      </Position13>
      <Position14>
        <Filename Value="utils.pas"/>
        <Caret Line="24" Column="18" TopLine="2"/>
      </Position14>
      <Position15>
        <Filename Value="utils.pas"/>
        <Caret Line="510" Column="18" TopLine="474"/>
      </Position15>
      <Position16>
        <Filename Value="utils.pas"/>
        <Caret Line="683" Column="18" TopLine="640"/>
      </Position16>
      <Position17>
        <Filename Value="utils.pas"/>
        <Caret Line="796" Column="7" TopLine="771"/>
      </Position17>
      <Position18>
        <Filename Value="utils.pas"/>
        <Caret Line="854" Column="51" TopLine="821"/>
      </Position18>
      <Position19>
        <Filename Value="utils.pas"/>
        <Caret Line="76" Column="14" TopLine="33"/>
      </Position19>
      <Position20>
        <Filename Value="utils.pas"/>
        <Caret Line="678" Column="15" TopLine="659"/>
      </Position20>
      <Position21>
        <Filename Value="utils.pas"/>
        <Caret Line="679" Column="24" TopLine="659"/>
      </Position21>
      <Position22>
        <Filename Value="utils.pas"/>
        <Caret Line="680" Column="46" TopLine="659"/>
      </Position22>
      <Position23>
        <Filename Value="utils.pas"/>
        <Caret Line="677" Column="30" TopLine="662"/>
      </Position23>
      <Position24>
        <Filename Value="utils.pas"/>
        <Caret Line="679" Column="17" TopLine="662"/>
      </Position24>
      <Position25>
        <Filename Value="utils.pas"/>
        <Caret Line="677" Column="20" TopLine="662"/>
      </Position25>
      <Position26>
        <Filename Value="utils.pas"/>
        <Caret Line="671" Column="10" TopLine="657"/>
      </Position26>
      <Position27>
        <Filename Value="utils.pas"/>
        <Caret Line="864" Column="92" TopLine="829"/>
      </Position27>
      <Position28>
        <Filename Value="utils.pas"/>
        <Caret Line="794" Column="27" TopLine="790"/>
      </Position28>
      <Position29>
        <Filename Value="prefs.pas"/>
        <Caret Line="242" Column="52" TopLine="220"/>
      </Position29>
      <Position30>
        <Filename Value="prefs.pas"/>
        <Caret Line="9" Column="7"/>
      </Position30>
    </JumpHistory>
  </ProjectOptions>
  <CompilerOptions>
    <Version Value="11"/>
    <SearchPaths>
      <IncludeFiles Value="$(ProjOutDir)"/>
    </SearchPaths>
    <Parsing>
      <SyntaxOptions>
        <UseAnsiStrings Value="False"/>
      </SyntaxOptions>
    </Parsing>
    <CodeGeneration>
      <SmartLinkUnit Value="True"/>
    </CodeGeneration>
    <Linking>
      <Debugging>
        <GenerateDebugInfo Value="False"/>
        <DebugInfoType Value="dsDwarf2Set"/>
        <UseLineInfoUnit Value="False"/>
        <StripSymbols Value="True"/>
      </Debugging>
      <LinkSmart Value="True"/>
      <Options>
        <Win32>
          <GraphicApplication Value="True"/>
        </Win32>
      </Options>
    </Linking>
  </CompilerOptions>
  <Debugging>
    <Exceptions Count="3">
      <Item1>
        <Name Value="EAbort"/>
      </Item1>
      <Item2>
        <Name Value="ECodetoolError"/>
      </Item2>
      <Item3>
        <Name Value="EFOpenError"/>
      </Item3>
    </Exceptions>
  </Debugging>
</CONFIG>
